// !$*UTF8*$!
{
	archiveVersion = 1;
	classes = {
	};
	objectVersion = 46;
	objects = {

/* Begin PBXBuildFile section */
		924BA57919AB753500B6E7E2 /* POLDetailViewController.m in Sources */ = {isa = PBXBuildFile; fileRef = 924BA57819AB753500B6E7E2 /* POLDetailViewController.m */; };
		924BA57B19AB77D300B6E7E2 /* Accounts.framework in Frameworks */ = {isa = PBXBuildFile; fileRef = 924BA57A19AB77D300B6E7E2 /* Accounts.framework */; };
		924BA57D19AB77DD00B6E7E2 /* Social.framework in Frameworks */ = {isa = PBXBuildFile; fileRef = 924BA57C19AB77DD00B6E7E2 /* Social.framework */; };
		924BA57F19AB788900B6E7E2 /* start.png in Resources */ = {isa = PBXBuildFile; fileRef = 924BA57E19AB788900B6E7E2 /* start.png */; };
		924BA58119AB789000B6E7E2 /* start2.png in Resources */ = {isa = PBXBuildFile; fileRef = 924BA58019AB789000B6E7E2 /* start2.png */; };
		92FF5FBA19AB70F700D6ED5B /* Foundation.framework in Frameworks */ = {isa = PBXBuildFile; fileRef = 92FF5FB919AB70F700D6ED5B /* Foundation.framework */; };
		92FF5FBC19AB70F700D6ED5B /* CoreGraphics.framework in Frameworks */ = {isa = PBXBuildFile; fileRef = 92FF5FBB19AB70F700D6ED5B /* CoreGraphics.framework */; };
		92FF5FBE19AB70F700D6ED5B /* UIKit.framework in Frameworks */ = {isa = PBXBuildFile; fileRef = 92FF5FBD19AB70F700D6ED5B /* UIKit.framework */; };
		92FF5FC419AB70F700D6ED5B /* InfoPlist.strings in Resources */ = {isa = PBXBuildFile; fileRef = 92FF5FC219AB70F700D6ED5B /* InfoPlist.strings */; };
		92FF5FC619AB70F700D6ED5B /* main.m in Sources */ = {isa = PBXBuildFile; fileRef = 92FF5FC519AB70F700D6ED5B /* main.m */; };
		92FF5FCA19AB70F700D6ED5B /* POLAppDelegate.m in Sources */ = {isa = PBXBuildFile; fileRef = 92FF5FC919AB70F700D6ED5B /* POLAppDelegate.m */; };
		92FF5FCD19AB70F700D6ED5B /* Main.storyboard in Resources */ = {isa = PBXBuildFile; fileRef = 92FF5FCB19AB70F700D6ED5B /* Main.storyboard */; };
		92FF5FD019AB70F700D6ED5B /* POLMasterViewController.m in Sources */ = {isa = PBXBuildFile; fileRef = 92FF5FCF19AB70F700D6ED5B /* POLMasterViewController.m */; };
		92FF5FD219AB70F700D6ED5B /* Images.xcassets in Resources */ = {isa = PBXBuildFile; fileRef = 92FF5FD119AB70F700D6ED5B /* Images.xcassets */; };
		92FF5FD919AB70F700D6ED5B /* XCTest.framework in Frameworks */ = {isa = PBXBuildFile; fileRef = 92FF5FD819AB70F700D6ED5B /* XCTest.framework */; };
		92FF5FDA19AB70F700D6ED5B /* Foundation.framework in Frameworks */ = {isa = PBXBuildFile; fileRef = 92FF5FB919AB70F700D6ED5B /* Foundation.framework */; };
		92FF5FDB19AB70F700D6ED5B /* UIKit.framework in Frameworks */ = {isa = PBXBuildFile; fileRef = 92FF5FBD19AB70F700D6ED5B /* UIKit.framework */; };
		92FF5FE319AB70F700D6ED5B /* InfoPlist.strings in Resources */ = {isa = PBXBuildFile; fileRef = 92FF5FE119AB70F700D6ED5B /* InfoPlist.strings */; };
		92FF5FE519AB70F700D6ED5B /* sampleTwitterClientTests.m in Sources */ = {isa = PBXBuildFile; fileRef = 92FF5FE419AB70F700D6ED5B /* sampleTwitterClientTests.m */; };
/* End PBXBuildFile section */

/* Begin PBXContainerItemProxy section */
		92FF5FDC19AB70F700D6ED5B /* PBXContainerItemProxy */ = {
			isa = PBXContainerItemProxy;
			containerPortal = 92FF5FAE19AB70F600D6ED5B /* Project object */;
			proxyType = 1;
			remoteGlobalIDString = 92FF5FB519AB70F700D6ED5B;
			remoteInfo = sampleTwitterClient;
		};
/* End PBXContainerItemProxy section */

/* Begin PBXFileReference section */
		924BA57719AB753500B6E7E2 /* POLDetailViewController.h */ = {isa = PBXFileReference; fileEncoding = 4; lastKnownFileType = sourcecode.c.h; path = POLDetailViewController.h; sourceTree = "<group>"; };
		924BA57819AB753500B6E7E2 /* POLDetailViewController.m */ = {isa = PBXFileReference; fileEncoding = 4; lastKnownFileType = sourcecode.c.objc; path = POLDetailViewController.m; sourceTree = "<group>"; };
		924BA57A19AB77D300B6E7E2 /* Accounts.framework */ = {isa = PBXFileReference; lastKnownFileType = wrapper.framework; name = Accounts.framework; path = System/Library/Frameworks/Accounts.framework; sourceTree = SDKROOT; };
		924BA57C19AB77DD00B6E7E2 /* Social.framework */ = {isa = PBXFileReference; lastKnownFileType = wrapper.framework; name = Social.framework; path = System/Library/Frameworks/Social.framework; sourceTree = SDKROOT; };
		924BA57E19AB788900B6E7E2 /* start.png */ = {isa = PBXFileReference; lastKnownFileType = image.png; path = start.png; sourceTree = "<group>"; };
		924BA58019AB789000B6E7E2 /* start2.png */ = {isa = PBXFileReference; lastKnownFileType = image.png; path = start2.png; sourceTree = "<group>"; };
		92FF5FB619AB70F700D6ED5B /* sampleTwitterClient.app */ = {isa = PBXFileReference; explicitFileType = wrapper.application; includeInIndex = 0; path = sampleTwitterClient.app; sourceTree = BUILT_PRODUCTS_DIR; };
		92FF5FB919AB70F700D6ED5B /* Foundation.framework */ = {isa = PBXFileReference; lastKnownFileType = wrapper.framework; name = Foundation.framework; path = System/Library/Frameworks/Foundation.framework; sourceTree = SDKROOT; };
		92FF5FBB19AB70F700D6ED5B /* CoreGraphics.framework */ = {isa = PBXFileReference; lastKnownFileType = wrapper.framework; name = CoreGraphics.framework; path = System/Library/Frameworks/CoreGraphics.framework; sourceTree = SDKROOT; };
		92FF5FBD19AB70F700D6ED5B /* UIKit.framework */ = {isa = PBXFileReference; lastKnownFileType = wrapper.framework; name = UIKit.framework; path = System/Library/Frameworks/UIKit.framework; sourceTree = SDKROOT; };
		92FF5FC119AB70F700D6ED5B /* sampleTwitterClient-Info.plist */ = {isa = PBXFileReference; lastKnownFileType = text.plist.xml; path = "sampleTwitterClient-Info.plist"; sourceTree = "<group>"; };
		92FF5FC319AB70F700D6ED5B /* en */ = {isa = PBXFileReference; lastKnownFileType = text.plist.strings; name = en; path = en.lproj/InfoPlist.strings; sourceTree = "<group>"; };
		92FF5FC519AB70F700D6ED5B /* main.m */ = {isa = PBXFileReference; lastKnownFileType = sourcecode.c.objc; path = main.m; sourceTree = "<group>"; };
		92FF5FC719AB70F700D6ED5B /* sampleTwitterClient-Prefix.pch */ = {isa = PBXFileReference; lastKnownFileType = sourcecode.c.h; path = "sampleTwitterClient-Prefix.pch"; sourceTree = "<group>"; };
		92FF5FC819AB70F700D6ED5B /* POLAppDelegate.h */ = {isa = PBXFileReference; lastKnownFileType = sourcecode.c.h; path = POLAppDelegate.h; sourceTree = "<group>"; };
		92FF5FC919AB70F700D6ED5B /* POLAppDelegate.m */ = {isa = PBXFileReference; lastKnownFileType = sourcecode.c.objc; path = POLAppDelegate.m; sourceTree = "<group>"; };
		92FF5FCC19AB70F700D6ED5B /* Base */ = {isa = PBXFileReference; lastKnownFileType = file.storyboard; name = Base; path = Base.lproj/Main.storyboard; sourceTree = "<group>"; };
		92FF5FCE19AB70F700D6ED5B /* POLMasterViewController.h */ = {isa = PBXFileReference; lastKnownFileType = sourcecode.c.h; path = POLMasterViewController.h; sourceTree = "<group>"; };
		92FF5FCF19AB70F700D6ED5B /* POLMasterViewController.m */ = {isa = PBXFileReference; lastKnownFileType = sourcecode.c.objc; path = POLMasterViewController.m; sourceTree = "<group>"; };
		92FF5FD119AB70F700D6ED5B /* Images.xcassets */ = {isa = PBXFileReference; lastKnownFileType = folder.assetcatalog; path = Images.xcassets; sourceTree = "<group>"; };
		92FF5FD719AB70F700D6ED5B /* sampleTwitterClientTests.xctest */ = {isa = PBXFileReference; explicitFileType = wrapper.cfbundle; includeInIndex = 0; path = sampleTwitterClientTests.xctest; sourceTree = BUILT_PRODUCTS_DIR; };
		92FF5FD819AB70F700D6ED5B /* XCTest.framework */ = {isa = PBXFileReference; lastKnownFileType = wrapper.framework; name = XCTest.framework; path = Library/Frameworks/XCTest.framework; sourceTree = DEVELOPER_DIR; };
		92FF5FE019AB70F700D6ED5B /* sampleTwitterClientTests-Info.plist */ = {isa = PBXFileReference; lastKnownFileType = text.plist.xml; path = "sampleTwitterClientTests-Info.plist"; sourceTree = "<group>"; };
		92FF5FE219AB70F700D6ED5B /* en */ = {isa = PBXFileReference; lastKnownFileType = text.plist.strings; name = en; path = en.lproj/InfoPlist.strings; sourceTree = "<group>"; };
		92FF5FE419AB70F700D6ED5B /* sampleTwitterClientTests.m */ = {isa = PBXFileReference; lastKnownFileType = sourcecode.c.objc; path = sampleTwitterClientTests.m; sourceTree = "<group>"; };
/* End PBXFileReference section */

/* Begin PBXFrameworksBuildPhase section */
		92FF5FB319AB70F700D6ED5B /* Frameworks */ = {
			isa = PBXFrameworksBuildPhase;
			buildActionMask = 2147483647;
			files = (
				924BA57D19AB77DD00B6E7E2 /* Social.framework in Frameworks */,
				924BA57B19AB77D300B6E7E2 /* Accounts.framework in Frameworks */,
				92FF5FBC19AB70F700D6ED5B /* CoreGraphics.framework in Frameworks */,
				92FF5FBE19AB70F700D6ED5B /* UIKit.framework in Frameworks */,
				92FF5FBA19AB70F700D6ED5B /* Foundation.framework in Frameworks */,
			);
			runOnlyForDeploymentPostprocessing = 0;
		};
		92FF5FD419AB70F700D6ED5B /* Frameworks */ = {
			isa = PBXFrameworksBuildPhase;
			buildActionMask = 2147483647;
			files = (
				92FF5FD919AB70F700D6ED5B /* XCTest.framework in Frameworks */,
				92FF5FDB19AB70F700D6ED5B /* UIKit.framework in Frameworks */,
				92FF5FDA19AB70F700D6ED5B /* Foundation.framework in Frameworks */,
			);
			runOnlyForDeploymentPostprocessing = 0;
		};
/* End PBXFrameworksBuildPhase section */

/* Begin PBXGroup section */
		92FF5FAD19AB70F600D6ED5B = {
			isa = PBXGroup;
			children = (
				92FF5FBF19AB70F700D6ED5B /* sampleTwitterClient */,
				92FF5FDE19AB70F700D6ED5B /* sampleTwitterClientTests */,
				92FF5FB819AB70F700D6ED5B /* Frameworks */,
				92FF5FB719AB70F700D6ED5B /* Products */,
			);
			sourceTree = "<group>";
		};
		92FF5FB719AB70F700D6ED5B /* Products */ = {
			isa = PBXGroup;
			children = (
				92FF5FB619AB70F700D6ED5B /* sampleTwitterClient.app */,
				92FF5FD719AB70F700D6ED5B /* sampleTwitterClientTests.xctest */,
			);
			name = Products;
			sourceTree = "<group>";
		};
		92FF5FB819AB70F700D6ED5B /* Frameworks */ = {
			isa = PBXGroup;
			children = (
				924BA57C19AB77DD00B6E7E2 /* Social.framework */,
				924BA57A19AB77D300B6E7E2 /* Accounts.framework */,
				92FF5FB919AB70F700D6ED5B /* Foundation.framework */,
				92FF5FBB19AB70F700D6ED5B /* CoreGraphics.framework */,
				92FF5FBD19AB70F700D6ED5B /* UIKit.framework */,
				92FF5FD819AB70F700D6ED5B /* XCTest.framework */,
			);
			name = Frameworks;
			sourceTree = "<group>";
		};
		92FF5FBF19AB70F700D6ED5B /* sampleTwitterClient */ = {
			isa = PBXGroup;
			children = (
				92FF5FC819AB70F700D6ED5B /* POLAppDelegate.h */,
				92FF5FC919AB70F700D6ED5B /* POLAppDelegate.m */,
				92FF5FCB19AB70F700D6ED5B /* Main.storyboard */,
				92FF5FCE19AB70F700D6ED5B /* POLMasterViewController.h */,
				924BA57719AB753500B6E7E2 /* POLDetailViewController.h */,
				924BA57819AB753500B6E7E2 /* POLDetailViewController.m */,
				92FF5FCF19AB70F700D6ED5B /* POLMasterViewController.m */,
				92FF5FD119AB70F700D6ED5B /* Images.xcassets */,
				92FF5FC019AB70F700D6ED5B /* Supporting Files */,
			);
			path = sampleTwitterClient;
			sourceTree = "<group>";
		};
		92FF5FC019AB70F700D6ED5B /* Supporting Files */ = {
			isa = PBXGroup;
			children = (
				924BA58019AB789000B6E7E2 /* start2.png */,
				924BA57E19AB788900B6E7E2 /* start.png */,
				92FF5FC119AB70F700D6ED5B /* sampleTwitterClient-Info.plist */,
				92FF5FC219AB70F700D6ED5B /* InfoPlist.strings */,
				92FF5FC519AB70F700D6ED5B /* main.m */,
				92FF5FC719AB70F700D6ED5B /* sampleTwitterClient-Prefix.pch */,
			);
			name = "Supporting Files";
			sourceTree = "<group>";
		};
		92FF5FDE19AB70F700D6ED5B /* sampleTwitterClientTests */ = {
			isa = PBXGroup;
			children = (
				92FF5FE419AB70F700D6ED5B /* sampleTwitterClientTests.m */,
				92FF5FDF19AB70F700D6ED5B /* Supporting Files */,
			);
			path = sampleTwitterClientTests;
			sourceTree = "<group>";
		};
		92FF5FDF19AB70F700D6ED5B /* Supporting Files */ = {
			isa = PBXGroup;
			children = (
				92FF5FE019AB70F700D6ED5B /* sampleTwitterClientTests-Info.plist */,
				92FF5FE119AB70F700D6ED5B /* InfoPlist.strings */,
			);
			name = "Supporting Files";
			sourceTree = "<group>";
		};
/* End PBXGroup section */

/* Begin PBXNativeTarget section */
		92FF5FB519AB70F700D6ED5B /* sampleTwitterClient */ = {
			isa = PBXNativeTarget;
			buildConfigurationList = 92FF5FE819AB70F700D6ED5B /* Build configuration list for PBXNativeTarget "sampleTwitterClient" */;
			buildPhases = (
				92FF5FB219AB70F700D6ED5B /* Sources */,
				92FF5FB319AB70F700D6ED5B /* Frameworks */,
				92FF5FB419AB70F700D6ED5B /* Resources */,
			);
			buildRules = (
			);
			dependencies = (
			);
			name = sampleTwitterClient;
			productName = sampleTwitterClient;
			productReference = 92FF5FB619AB70F700D6ED5B /* sampleTwitterClient.app */;
			productType = "com.apple.product-type.application";
		};
		92FF5FD619AB70F700D6ED5B /* sampleTwitterClientTests */ = {
			isa = PBXNativeTarget;
			buildConfigurationList = 92FF5FEB19AB70F700D6ED5B /* Build configuration list for PBXNativeTarget "sampleTwitterClientTests" */;
			buildPhases = (
				92FF5FD319AB70F700D6ED5B /* Sources */,
				92FF5FD419AB70F700D6ED5B /* Frameworks */,
				92FF5FD519AB70F700D6ED5B /* Resources */,
			);
			buildRules = (
			);
			dependencies = (
				92FF5FDD19AB70F700D6ED5B /* PBXTargetDependency */,
			);
			name = sampleTwitterClientTests;
			productName = sampleTwitterClientTests;
			productReference = 92FF5FD719AB70F700D6ED5B /* sampleTwitterClientTests.xctest */;
			productType = "com.apple.product-type.bundle.unit-test";
		};
/* End PBXNativeTarget section */

/* Begin PBXProject section */
		92FF5FAE19AB70F600D6ED5B /* Project object */ = {
			isa = PBXProject;
			attributes = {
				CLASSPREFIX = POL;
				LastUpgradeCheck = 0510;
				ORGANIZATIONNAME = "Oleh Poremskyy";
				TargetAttributes = {
					92FF5FD619AB70F700D6ED5B = {
						TestTargetID = 92FF5FB519AB70F700D6ED5B;
					};
				};
			};
			buildConfigurationList = 92FF5FB119AB70F700D6ED5B /* Build configuration list for PBXProject "sampleTwitterClient" */;
			compatibilityVersion = "Xcode 3.2";
			developmentRegion = English;
			hasScannedForEncodings = 0;
			knownRegions = (
				en,
				Base,
			);
			mainGroup = 92FF5FAD19AB70F600D6ED5B;
			productRefGroup = 92FF5FB719AB70F700D6ED5B /* Products */;
			projectDirPath = "";
			projectRoot = "";
			targets = (
				92FF5FB519AB70F700D6ED5B /* sampleTwitterClient */,
				92FF5FD619AB70F700D6ED5B /* sampleTwitterClientTests */,
			);
		};
/* End PBXProject section */

/* Begin PBXResourcesBuildPhase section */
		92FF5FB419AB70F700D6ED5B /* Resources */ = {
			isa = PBXResourcesBuildPhase;
			buildActionMask = 2147483647;
			files = (
				92FF5FD219AB70F700D6ED5B /* Images.xcassets in Resources */,
				92FF5FC419AB70F700D6ED5B /* InfoPlist.strings in Resources */,
				924BA57F19AB788900B6E7E2 /* start.png in Resources */,
				92FF5FCD19AB70F700D6ED5B /* Main.storyboard in Resources */,
				924BA58119AB789000B6E7E2 /* start2.png in Resources */,
			);
			runOnlyForDeploymentPostprocessing = 0;
		};
		92FF5FD519AB70F700D6ED5B /* Resources */ = {
			isa = PBXResourcesBuildPhase;
			buildActionMask = 2147483647;
			files = (
				92FF5FE319AB70F700D6ED5B /* InfoPlist.strings in Resources */,
			);
			runOnlyForDeploymentPostprocessing = 0;
		};
/* End PBXResourcesBuildPhase section */

/* Begin PBXSourcesBuildPhase section */
		92FF5FB219AB70F700D6ED5B /* Sources */ = {
			isa = PBXSourcesBuildPhase;
			buildActionMask = 2147483647;
			files = (
				92FF5FCA19AB70F700D6ED5B /* POLAppDelegate.m in Sources */,
				924BA57919AB753500B6E7E2 /* POLDetailViewController.m in Sources */,
				92FF5FD019AB70F700D6ED5B /* POLMasterViewController.m in Sources */,
				92FF5FC619AB70F700D6ED5B /* main.m in Sources */,
			);
			runOnlyForDeploymentPostprocessing = 0;
		};
		92FF5FD319AB70F700D6ED5B /* Sources */ = {
			isa = PBXSourcesBuildPhase;
			buildActionMask = 2147483647;
			files = (
				92FF5FE519AB70F700D6ED5B /* sampleTwitterClientTests.m in Sources */,
			);
			runOnlyForDeploymentPostprocessing = 0;
		};
/* End PBXSourcesBuildPhase section */

/* Begin PBXTargetDependency section */
		92FF5FDD19AB70F700D6ED5B /* PBXTargetDependency */ = {
			isa = PBXTargetDependency;
			target = 92FF5FB519AB70F700D6ED5B /* sampleTwitterClient */;
			targetProxy = 92FF5FDC19AB70F700D6ED5B /* PBXContainerItemProxy */;
		};
/* End PBXTargetDependency section */

/* Begin PBXVariantGroup section */
		92FF5FC219AB70F700D6ED5B /* InfoPlist.strings */ = {
			isa = PBXVariantGroup;
			children = (
				92FF5FC319AB70F700D6ED5B /* en */,
			);
			name = InfoPlist.strings;
			sourceTree = "<group>";
		};
		92FF5FCB19AB70F700D6ED5B /* Main.storyboard */ = {
			isa = PBXVariantGroup;
			children = (
				92FF5FCC19AB70F700D6ED5B /* Base */,
			);
			name = Main.storyboard;
			sourceTree = "<group>";
		};
		92FF5FE119AB70F700D6ED5B /* InfoPlist.strings */ = {
			isa = PBXVariantGroup;
			children = (
				92FF5FE219AB70F700D6ED5B /* en */,
			);
			name = InfoPlist.strings;
			sourceTree = "<group>";
		};
/* End PBXVariantGroup section */

/* Begin XCBuildConfiguration section */
		92FF5FE619AB70F700D6ED5B /* Debug */ = {
			isa = XCBuildConfiguration;
			buildSettings = {
				ALWAYS_SEARCH_USER_PATHS = NO;
				CLANG_CXX_LANGUAGE_STANDARD = "gnu++0x";
				CLANG_CXX_LIBRARY = "libc++";
				CLANG_ENABLE_MODULES = YES;
				CLANG_ENABLE_OBJC_ARC = YES;
				CLANG_WARN_BOOL_CONVERSION = YES;
				CLANG_WARN_CONSTANT_CONVERSION = YES;
				CLANG_WARN_DIRECT_OBJC_ISA_USAGE = YES_ERROR;
				CLANG_WARN_EMPTY_BODY = YES;
				CLANG_WARN_ENUM_CONVERSION = YES;
				CLANG_WARN_INT_CONVERSION = YES;
				CLANG_WARN_OBJC_ROOT_CLASS = YES_ERROR;
				CLANG_WARN__DUPLICATE_METHOD_MATCH = YES;
				"CODE_SIGN_IDENTITY[sdk=iphoneos*]" = "iPhone Developer";
				COPY_PHASE_STRIP = NO;
				GCC_C_LANGUAGE_STANDARD = gnu99;
				GCC_DYNAMIC_NO_PIC = NO;
				GCC_OPTIMIZATION_LEVEL = 0;
				GCC_PREPROCESSOR_DEFINITIONS = (
					"DEBUG=1",
					"$(inherited)",
				);
				GCC_SYMBOLS_PRIVATE_EXTERN = NO;
				GCC_WARN_64_TO_32_BIT_CONVERSION = YES;
				GCC_WARN_ABOUT_RETURN_TYPE = YES_ERROR;
				GCC_WARN_UNDECLARED_SELECTOR = YES;
				GCC_WARN_UNINITIALIZED_AUTOS = YES_AGGRESSIVE;
				GCC_WARN_UNUSED_FUNCTION = YES;
				GCC_WARN_UNUSED_VARIABLE = YES;
				IPHONEOS_DEPLOYMENT_TARGET = 7.1;
				ONLY_ACTIVE_ARCH = YES;
				SDKROOT = iphoneos;
			};
			name = Debug;
		};
		92FF5FE719AB70F700D6ED5B /* Release */ = {
			isa = XCBuildConfiguration;
			buildSettings = {
				ALWAYS_SEARCH_USER_PATHS = NO;
				CLANG_CXX_LANGUAGE_STANDARD = "gnu++0x";
				CLANG_CXX_LIBRARY = "libc++";
				CLANG_ENABLE_MODULES = YES;
				CLANG_ENABLE_OBJC_ARC = YES;
				CLANG_WARN_BOOL_CONVERSION = YES;
				CLANG_WARN_CONSTANT_CONVERSION = YES;
				CLANG_WARN_DIRECT_OBJC_ISA_USAGE = YES_ERROR;
				CLANG_WARN_EMPTY_BODY = YES;
				CLANG_WARN_ENUM_CONVERSION = YES;
				CLANG_WARN_INT_CONVERSION = YES;
				CLANG_WARN_OBJC_ROOT_CLASS = YES_ERROR;
				CLANG_WARN__DUPLICATE_METHOD_MATCH = YES;
				"CODE_SIGN_IDENTITY[sdk=iphoneos*]" = "iPhone Developer";
				COPY_PHASE_STRIP = YES;
				ENABLE_NS_ASSERTIONS = NO;
				GCC_C_LANGUAGE_STANDARD = gnu99;
				GCC_WARN_64_TO_32_BIT_CONVERSION = YES;
				GCC_WARN_ABOUT_RETURN_TYPE = YES_ERROR;
				GCC_WARN_UNDECLARED_SELECTOR = YES;
				GCC_WARN_UNINITIALIZED_AUTOS = YES_AGGRESSIVE;
				GCC_WARN_UNUSED_FUNCTION = YES;
				GCC_WARN_UNUSED_VARIABLE = YES;
				IPHONEOS_DEPLOYMENT_TARGET = 7.1;
				SDKROOT = iphoneos;
				VALIDATE_PRODUCT = YES;
			};
			name = Release;
		};
		92FF5FE919AB70F700D6ED5B /* Debug */ = {
			isa = XCBuildConfiguration;
			buildSettings = {
				ASSETCATALOG_COMPILER_APPICON_NAME = AppIcon;
				GCC_PRECOMPILE_PREFIX_HEADER = YES;
				GCC_PREFIX_HEADER = "sampleTwitterClient/sampleTwitterClient-Prefix.pch";
				INFOPLIST_FILE = "sampleTwitterClient/sampleTwitterClient-Info.plist";
				PRODUCT_NAME = "$(TARGET_NAME)";
				WRAPPER_EXTENSION = app;
			};
			name = Debug;
		};
		92FF5FEA19AB70F700D6ED5B /* Release */ = {
			isa = XCBuildConfiguration;
			buildSettings = {
				ASSETCATALOG_COMPILER_APPICON_NAME = AppIcon;
				GCC_PRECOMPILE_PREFIX_HEADER = YES;
				GCC_PREFIX_HEADER = "sampleTwitterClient/sampleTwitterClient-Prefix.pch";
				INFOPLIST_FILE = "sampleTwitterClient/sampleTwitterClient-Info.plist";
				PRODUCT_NAME = "$(TARGET_NAME)";
				WRAPPER_EXTENSION = app;
			};
			name = Release;
		};
		92FF5FEC19AB70F700D6ED5B /* Debug */ = {
			isa = XCBuildConfiguration;
			buildSettings = {
				BUNDLE_LOADER = "$(BUILT_PRODUCTS_DIR)/sampleTwitterClient.app/sampleTwitterClient";
				FRAMEWORK_SEARCH_PATHS = (
					"$(SDKROOT)/Developer/Library/Frameworks",
					"$(inherited)",
					"$(DEVELOPER_FRAMEWORKS_DIR)",
				);
				GCC_PRECOMPILE_PREFIX_HEADER = YES;
				GCC_PREFIX_HEADER = "sampleTwitterClient/sampleTwitterClient-Prefix.pch";
				GCC_PREPROCESSOR_DEFINITIONS = (
					"DEBUG=1",
					"$(inherited)",
				);
				INFOPLIST_FILE = "sampleTwitterClientTests/sampleTwitterClientTests-Info.plist";
				PRODUCT_NAME = "$(TARGET_NAME)";
				TEST_HOST = "$(BUNDLE_LOADER)";
				WRAPPER_EXTENSION = xctest;
			};
			name = Debug;
		};
		92FF5FED19AB70F700D6ED5B /* Release */ = {
			isa = XCBuildConfiguration;
			buildSettings = {
				BUNDLE_LOADER = "$(BUILT_PRODUCTS_DIR)/sampleTwitterClient.app/sampleTwitterClient";
				FRAMEWORK_SEARCH_PATHS = (
					"$(SDKROOT)/Developer/Library/Frameworks",
					"$(inherited)",
					"$(DEVELOPER_FRAMEWORKS_DIR)",
				);
				GCC_PRECOMPILE_PREFIX_HEADER = YES;
				GCC_PREFIX_HEADER = "sampleTwitterClient/sampleTwitterClient-Prefix.pch";
				INFOPLIST_FILE = "sampleTwitterClientTests/sampleTwitterClientTests-Info.plist";
				PRODUCT_NAME = "$(TARGET_NAME)";
				TEST_HOST = "$(BUNDLE_LOADER)";
				WRAPPER_EXTENSION = xctest;
			};
			name = Release;
		};
/* End XCBuildConfiguration section */

/* Begin XCConfigurationList section */
		92FF5FB119AB70F700D6ED5B /* Build configuration list for PBXProject "sampleTwitterClient" */ = {
			isa = XCConfigurationList;
			buildConfigurations = (
				92FF5FE619AB70F700D6ED5B /* Debug */,
				92FF5FE719AB70F700D6ED5B /* Release */,
			);
			defaultConfigurationIsVisible = 0;
			defaultConfigurationName = Release;
		};
		92FF5FE819AB70F700D6ED5B /* Build configuration list for PBXNativeTarget "sampleTwitterClient" */ = {
			isa = XCConfigurationList;
			buildConfigurations = (
				92FF5FE919AB70F700D6ED5B /* Debug */,
				92FF5FEA19AB70F700D6ED5B /* Release */,
			);
			defaultConfigurationIsVisible = 0;
			defaultConfigurationName = Release;
		};
		92FF5FEB19AB70F700D6ED5B /* Build configuration list for PBXNativeTarget "sampleTwitterClientTests" */ = {
			isa = XCConfigurationList;
			buildConfigurations = (
				92FF5FEC19AB70F700D6ED5B /* Debug */,
				92FF5FED19AB70F700D6ED5B /* Release */,
			);
			defaultConfigurationIsVisible = 0;
			defaultConfigurationName = Release;
		};
/* End XCConfigurationList section */
	};
	rootObject = 92FF5FAE19AB70F600D6ED5B /* Project object */;
}
